// !$*UTF8*$!
{
	archiveVersion = 1;
	classes = {
	};
	objectVersion = 56;
	objects = {

/* Begin PBXBuildFile section */
		1207470229FEF5A60041B48F /* CartManager.swift in Sources */ = {isa = PBXBuildFile; fileRef = 1207470129FEF5A60041B48F /* CartManager.swift */; };
		1207470429FEF5C80041B48F /* ItemsManager.swift in Sources */ = {isa = PBXBuildFile; fileRef = 1207470329FEF5C80041B48F /* ItemsManager.swift */; };
		1207470629FEF6030041B48F /* DiscountType.swift in Sources */ = {isa = PBXBuildFile; fileRef = 1207470529FEF6030041B48F /* DiscountType.swift */; };
		1207470A29FF30770041B48F /* ItemDetailView.swift in Sources */ = {isa = PBXBuildFile; fileRef = 1207470929FF30770041B48F /* ItemDetailView.swift */; };
		123966D529E3312E005EDA4E /* SinghWeShopApp.swift in Sources */ = {isa = PBXBuildFile; fileRef = 123966D429E3312E005EDA4E /* SinghWeShopApp.swift */; };
		123966D729E3312E005EDA4E /* ContentView.swift in Sources */ = {isa = PBXBuildFile; fileRef = 123966D629E3312E005EDA4E /* ContentView.swift */; };
		123966D929E3312E005EDA4E /* Assets.xcassets in Resources */ = {isa = PBXBuildFile; fileRef = 123966D829E3312E005EDA4E /* Assets.xcassets */; };
		123966DC29E3312E005EDA4E /* Preview Assets.xcassets in Resources */ = {isa = PBXBuildFile; fileRef = 123966DB29E3312E005EDA4E /* Preview Assets.xcassets */; };
		123966E629E34359005EDA4E /* Constants.swift in Sources */ = {isa = PBXBuildFile; fileRef = 123966E529E34359005EDA4E /* Constants.swift */; };
		123966E829E36BE4005EDA4E /* OnboardingView.swift in Sources */ = {isa = PBXBuildFile; fileRef = 123966E729E36BE4005EDA4E /* OnboardingView.swift */; };
		1245FAA029EC8E6600299D2F /* Item.swift in Sources */ = {isa = PBXBuildFile; fileRef = 1245FA9F29EC8E6600299D2F /* Item.swift */; };
		12E00C662A08A39900A43052 /* SplashScreen128.png in Resources */ = {isa = PBXBuildFile; fileRef = 12E00C652A08A39900A43052 /* SplashScreen128.png */; };
		12E6564D2A080F4E00B52444 /* ItemsListView.swift in Sources */ = {isa = PBXBuildFile; fileRef = 12E6564C2A080F4E00B52444 /* ItemsListView.swift */; };
		12E6564F2A080FAE00B52444 /* ListItem.swift in Sources */ = {isa = PBXBuildFile; fileRef = 12E6564E2A080FAE00B52444 /* ListItem.swift */; };
		12E656512A080FCE00B52444 /* ItemsGridView.swift in Sources */ = {isa = PBXBuildFile; fileRef = 12E656502A080FCE00B52444 /* ItemsGridView.swift */; };
		12E656532A080FDE00B52444 /* GridItem.swift in Sources */ = {isa = PBXBuildFile; fileRef = 12E656522A080FDE00B52444 /* GridItem.swift */; };
		12E656552A0850A300B52444 /* CartView.swift in Sources */ = {isa = PBXBuildFile; fileRef = 12E656542A0850A300B52444 /* CartView.swift */; };
		12E656572A0850B800B52444 /* CartRowView.swift in Sources */ = {isa = PBXBuildFile; fileRef = 12E656562A0850B800B52444 /* CartRowView.swift */; };
/* End PBXBuildFile section */

/* Begin PBXFileReference section */
		1207470129FEF5A60041B48F /* CartManager.swift */ = {isa = PBXFileReference; lastKnownFileType = sourcecode.swift; path = CartManager.swift; sourceTree = "<group>"; };
		1207470329FEF5C80041B48F /* ItemsManager.swift */ = {isa = PBXFileReference; lastKnownFileType = sourcecode.swift; path = ItemsManager.swift; sourceTree = "<group>"; };
		1207470529FEF6030041B48F /* DiscountType.swift */ = {isa = PBXFileReference; lastKnownFileType = sourcecode.swift; path = DiscountType.swift; sourceTree = "<group>"; };
		1207470929FF30770041B48F /* ItemDetailView.swift */ = {isa = PBXFileReference; lastKnownFileType = sourcecode.swift; path = ItemDetailView.swift; sourceTree = "<group>"; };
		123966D129E3312E005EDA4E /* SinghWeShop.app */ = {isa = PBXFileReference; explicitFileType = wrapper.application; includeInIndex = 0; path = SinghWeShop.app; sourceTree = BUILT_PRODUCTS_DIR; };
		123966D429E3312E005EDA4E /* SinghWeShopApp.swift */ = {isa = PBXFileReference; lastKnownFileType = sourcecode.swift; path = SinghWeShopApp.swift; sourceTree = "<group>"; };
		123966D629E3312E005EDA4E /* ContentView.swift */ = {isa = PBXFileReference; lastKnownFileType = sourcecode.swift; path = ContentView.swift; sourceTree = "<group>"; };
		123966D829E3312E005EDA4E /* Assets.xcassets */ = {isa = PBXFileReference; lastKnownFileType = folder.assetcatalog; path = Assets.xcassets; sourceTree = "<group>"; };
		123966DB29E3312E005EDA4E /* Preview Assets.xcassets */ = {isa = PBXFileReference; lastKnownFileType = folder.assetcatalog; path = "Preview Assets.xcassets"; sourceTree = "<group>"; };
		123966E529E34359005EDA4E /* Constants.swift */ = {isa = PBXFileReference; lastKnownFileType = sourcecode.swift; path = Constants.swift; sourceTree = "<group>"; };
		123966E729E36BE4005EDA4E /* OnboardingView.swift */ = {isa = PBXFileReference; lastKnownFileType = sourcecode.swift; path = OnboardingView.swift; sourceTree = "<group>"; };
		1245FA9E29EC75E000299D2F /* Week02Assignment.playground */ = {isa = PBXFileReference; lastKnownFileType = file.playground; path = Week02Assignment.playground; sourceTree = "<group>"; xcLanguageSpecificationIdentifier = xcode.lang.swift; };
		1245FA9F29EC8E6600299D2F /* Item.swift */ = {isa = PBXFileReference; lastKnownFileType = sourcecode.swift; path = Item.swift; sourceTree = "<group>"; };
		1260439E29F1924200E6C57E /* Week03Assignment.playground */ = {isa = PBXFileReference; lastKnownFileType = file.playground; path = Week03Assignment.playground; sourceTree = "<group>"; xcLanguageSpecificationIdentifier = xcode.lang.swift; };
		12E00C5A2A088E2A00A43052 /* Info.plist */ = {isa = PBXFileReference; lastKnownFileType = text.plist; path = Info.plist; sourceTree = "<group>"; };
		12E00C652A08A39900A43052 /* SplashScreen128.png */ = {isa = PBXFileReference; lastKnownFileType = image.png; path = SplashScreen128.png; sourceTree = "<group>"; };
		12E6564C2A080F4E00B52444 /* ItemsListView.swift */ = {isa = PBXFileReference; lastKnownFileType = sourcecode.swift; path = ItemsListView.swift; sourceTree = "<group>"; };
		12E6564E2A080FAE00B52444 /* ListItem.swift */ = {isa = PBXFileReference; lastKnownFileType = sourcecode.swift; path = ListItem.swift; sourceTree = "<group>"; };
		12E656502A080FCE00B52444 /* ItemsGridView.swift */ = {isa = PBXFileReference; lastKnownFileType = sourcecode.swift; path = ItemsGridView.swift; sourceTree = "<group>"; };
		12E656522A080FDE00B52444 /* GridItem.swift */ = {isa = PBXFileReference; lastKnownFileType = sourcecode.swift; path = GridItem.swift; sourceTree = "<group>"; };
		12E656542A0850A300B52444 /* CartView.swift */ = {isa = PBXFileReference; lastKnownFileType = sourcecode.swift; path = CartView.swift; sourceTree = "<group>"; };
		12E656562A0850B800B52444 /* CartRowView.swift */ = {isa = PBXFileReference; lastKnownFileType = sourcecode.swift; path = CartRowView.swift; sourceTree = "<group>"; };
/* End PBXFileReference section */

/* Begin PBXFrameworksBuildPhase section */
		123966CE29E3312E005EDA4E /* Frameworks */ = {
			isa = PBXFrameworksBuildPhase;
			buildActionMask = 2147483647;
			files = (
			);
			runOnlyForDeploymentPostprocessing = 0;
		};
/* End PBXFrameworksBuildPhase section */

/* Begin PBXGroup section */
		1207470029FEF5460041B48F /* ViewModels */ = {
			isa = PBXGroup;
			children = (
				1207470329FEF5C80041B48F /* ItemsManager.swift */,
				1207470129FEF5A60041B48F /* CartManager.swift */,
			);
			path = ViewModels;
			sourceTree = "<group>";
		};
		123966C829E3312E005EDA4E = {
			isa = PBXGroup;
			children = (
				123966D329E3312E005EDA4E /* SinghWeShop */,
				123966D229E3312E005EDA4E /* Products */,
			);
			sourceTree = "<group>";
		};
		123966D229E3312E005EDA4E /* Products */ = {
			isa = PBXGroup;
			children = (
				123966D129E3312E005EDA4E /* SinghWeShop.app */,
			);
			name = Products;
			sourceTree = "<group>";
		};
		123966D329E3312E005EDA4E /* SinghWeShop */ = {
			isa = PBXGroup;
			children = (
				12E00C5A2A088E2A00A43052 /* Info.plist */,
				1245FA9D29EC75B300299D2F /* PlayGround */,
				123966E229E34305005EDA4E /* App */,
				123966E329E3430C005EDA4E /* Models */,
				1207470029FEF5460041B48F /* ViewModels */,
				123966E429E3431A005EDA4E /* Views */,
				123966DA29E3312E005EDA4E /* Preview Content */,
			);
			path = SinghWeShop;
			sourceTree = "<group>";
		};
		123966DA29E3312E005EDA4E /* Preview Content */ = {
			isa = PBXGroup;
			children = (
				123966DB29E3312E005EDA4E /* Preview Assets.xcassets */,
			);
			path = "Preview Content";
			sourceTree = "<group>";
		};
		123966E229E34305005EDA4E /* App */ = {
			isa = PBXGroup;
			children = (
				123966D429E3312E005EDA4E /* SinghWeShopApp.swift */,
				123966D829E3312E005EDA4E /* Assets.xcassets */,
				12E00C652A08A39900A43052 /* SplashScreen128.png */,
			);
			path = App;
			sourceTree = "<group>";
		};
		123966E329E3430C005EDA4E /* Models */ = {
			isa = PBXGroup;
			children = (
				123966E529E34359005EDA4E /* Constants.swift */,
				1207470529FEF6030041B48F /* DiscountType.swift */,
				1245FA9F29EC8E6600299D2F /* Item.swift */,
			);
			path = Models;
			sourceTree = "<group>";
		};
		123966E429E3431A005EDA4E /* Views */ = {
			isa = PBXGroup;
			children = (
				123966D629E3312E005EDA4E /* ContentView.swift */,
				12E6564C2A080F4E00B52444 /* ItemsListView.swift */,
				12E6564E2A080FAE00B52444 /* ListItem.swift */,
				12E656502A080FCE00B52444 /* ItemsGridView.swift */,
				12E656522A080FDE00B52444 /* GridItem.swift */,
				1207470929FF30770041B48F /* ItemDetailView.swift */,
				12E656542A0850A300B52444 /* CartView.swift */,
				12E656562A0850B800B52444 /* CartRowView.swift */,
				123966E729E36BE4005EDA4E /* OnboardingView.swift */,
			);
			path = Views;
			sourceTree = "<group>";
		};
		1245FA9D29EC75B300299D2F /* PlayGround */ = {
			isa = PBXGroup;
			children = (
				1245FA9E29EC75E000299D2F /* Week02Assignment.playground */,
				1260439E29F1924200E6C57E /* Week03Assignment.playground */,
			);
			path = PlayGround;
			sourceTree = "<group>";
		};
/* End PBXGroup section */

/* Begin PBXNativeTarget section */
		123966D029E3312E005EDA4E /* SinghWeShop */ = {
			isa = PBXNativeTarget;
			buildConfigurationList = 123966DF29E3312E005EDA4E /* Build configuration list for PBXNativeTarget "SinghWeShop" */;
			buildPhases = (
				123966CD29E3312E005EDA4E /* Sources */,
				123966CE29E3312E005EDA4E /* Frameworks */,
				123966CF29E3312E005EDA4E /* Resources */,
			);
			buildRules = (
			);
			dependencies = (
			);
			name = SinghWeShop;
			productName = SinghWeShop;
			productReference = 123966D129E3312E005EDA4E /* SinghWeShop.app */;
			productType = "com.apple.product-type.application";
		};
/* End PBXNativeTarget section */

/* Begin PBXProject section */
		123966C929E3312E005EDA4E /* Project object */ = {
			isa = PBXProject;
			attributes = {
				BuildIndependentTargetsInParallel = 1;
				LastSwiftUpdateCheck = 1430;
				LastUpgradeCheck = 1430;
				TargetAttributes = {
					123966D029E3312E005EDA4E = {
						CreatedOnToolsVersion = 14.3;
					};
				};
			};
			buildConfigurationList = 123966CC29E3312E005EDA4E /* Build configuration list for PBXProject "SinghWeShop" */;
			compatibilityVersion = "Xcode 14.0";
			developmentRegion = en;
			hasScannedForEncodings = 0;
			knownRegions = (
				en,
				Base,
			);
			mainGroup = 123966C829E3312E005EDA4E;
			productRefGroup = 123966D229E3312E005EDA4E /* Products */;
			projectDirPath = "";
			projectRoot = "";
			targets = (
				123966D029E3312E005EDA4E /* SinghWeShop */,
			);
		};
/* End PBXProject section */

/* Begin PBXResourcesBuildPhase section */
		123966CF29E3312E005EDA4E /* Resources */ = {
			isa = PBXResourcesBuildPhase;
			buildActionMask = 2147483647;
			files = (
				123966DC29E3312E005EDA4E /* Preview Assets.xcassets in Resources */,
				12E00C662A08A39900A43052 /* SplashScreen128.png in Resources */,
				123966D929E3312E005EDA4E /* Assets.xcassets in Resources */,
			);
			runOnlyForDeploymentPostprocessing = 0;
		};
/* End PBXResourcesBuildPhase section */

/* Begin PBXSourcesBuildPhase section */
		123966CD29E3312E005EDA4E /* Sources */ = {
			isa = PBXSourcesBuildPhase;
			buildActionMask = 2147483647;
			files = (
				1207470A29FF30770041B48F /* ItemDetailView.swift in Sources */,
				1207470429FEF5C80041B48F /* ItemsManager.swift in Sources */,
				1245FAA029EC8E6600299D2F /* Item.swift in Sources */,
				1207470629FEF6030041B48F /* DiscountType.swift in Sources */,
				1207470229FEF5A60041B48F /* CartManager.swift in Sources */,
				12E656512A080FCE00B52444 /* ItemsGridView.swift in Sources */,
				123966D729E3312E005EDA4E /* ContentView.swift in Sources */,
				123966E829E36BE4005EDA4E /* OnboardingView.swift in Sources */,
				12E656572A0850B800B52444 /* CartRowView.swift in Sources */,
				12E656552A0850A300B52444 /* CartView.swift in Sources */,
				12E6564D2A080F4E00B52444 /* ItemsListView.swift in Sources */,
				123966D529E3312E005EDA4E /* SinghWeShopApp.swift in Sources */,
				12E6564F2A080FAE00B52444 /* ListItem.swift in Sources */,
				12E656532A080FDE00B52444 /* GridItem.swift in Sources */,
				123966E629E34359005EDA4E /* Constants.swift in Sources */,
			);
			runOnlyForDeploymentPostprocessing = 0;
		};
/* End PBXSourcesBuildPhase section */

/* Begin XCBuildConfiguration section */
		123966DD29E3312E005EDA4E /* Debug */ = {
			isa = XCBuildConfiguration;
			buildSettings = {
				ALWAYS_SEARCH_USER_PATHS = NO;
				CLANG_ANALYZER_NONNULL = YES;
				CLANG_ANALYZER_NUMBER_OBJECT_CONVERSION = YES_AGGRESSIVE;
				CLANG_CXX_LANGUAGE_STANDARD = "gnu++20";
				CLANG_ENABLE_MODULES = YES;
				CLANG_ENABLE_OBJC_ARC = YES;
				CLANG_ENABLE_OBJC_WEAK = YES;
				CLANG_WARN_BLOCK_CAPTURE_AUTORELEASING = YES;
				CLANG_WARN_BOOL_CONVERSION = YES;
				CLANG_WARN_COMMA = YES;
				CLANG_WARN_CONSTANT_CONVERSION = YES;
				CLANG_WARN_DEPRECATED_OBJC_IMPLEMENTATIONS = YES;
				CLANG_WARN_DIRECT_OBJC_ISA_USAGE = YES_ERROR;
				CLANG_WARN_DOCUMENTATION_COMMENTS = YES;
				CLANG_WARN_EMPTY_BODY = YES;
				CLANG_WARN_ENUM_CONVERSION = YES;
				CLANG_WARN_INFINITE_RECURSION = YES;
				CLANG_WARN_INT_CONVERSION = YES;
				CLANG_WARN_NON_LITERAL_NULL_CONVERSION = YES;
				CLANG_WARN_OBJC_IMPLICIT_RETAIN_SELF = YES;
				CLANG_WARN_OBJC_LITERAL_CONVERSION = YES;
				CLANG_WARN_OBJC_ROOT_CLASS = YES_ERROR;
				CLANG_WARN_QUOTED_INCLUDE_IN_FRAMEWORK_HEADER = YES;
				CLANG_WARN_RANGE_LOOP_ANALYSIS = YES;
				CLANG_WARN_STRICT_PROTOTYPES = YES;
				CLANG_WARN_SUSPICIOUS_MOVE = YES;
				CLANG_WARN_UNGUARDED_AVAILABILITY = YES_AGGRESSIVE;
				CLANG_WARN_UNREACHABLE_CODE = YES;
				CLANG_WARN__DUPLICATE_METHOD_MATCH = YES;
				COPY_PHASE_STRIP = NO;
				DEBUG_INFORMATION_FORMAT = dwarf;
				ENABLE_STRICT_OBJC_MSGSEND = YES;
				ENABLE_TESTABILITY = YES;
				GCC_C_LANGUAGE_STANDARD = gnu11;
				GCC_DYNAMIC_NO_PIC = NO;
				GCC_NO_COMMON_BLOCKS = YES;
				GCC_OPTIMIZATION_LEVEL = 0;
				GCC_PREPROCESSOR_DEFINITIONS = (
					"DEBUG=1",
					"$(inherited)",
				);
				GCC_WARN_64_TO_32_BIT_CONVERSION = YES;
				GCC_WARN_ABOUT_RETURN_TYPE = YES_ERROR;
				GCC_WARN_UNDECLARED_SELECTOR = YES;
				GCC_WARN_UNINITIALIZED_AUTOS = YES_AGGRESSIVE;
				GCC_WARN_UNUSED_FUNCTION = YES;
				GCC_WARN_UNUSED_VARIABLE = YES;
				IPHONEOS_DEPLOYMENT_TARGET = 16.4;
				MTL_ENABLE_DEBUG_INFO = INCLUDE_SOURCE;
				MTL_FAST_MATH = YES;
				ONLY_ACTIVE_ARCH = YES;
				SDKROOT = iphoneos;
				SWIFT_ACTIVE_COMPILATION_CONDITIONS = DEBUG;
				SWIFT_OPTIMIZATION_LEVEL = "-Onone";
			};
			name = Debug;
		};
		123966DE29E3312E005EDA4E /* Release */ = {
			isa = XCBuildConfiguration;
			buildSettings = {
				ALWAYS_SEARCH_USER_PATHS = NO;
				CLANG_ANALYZER_NONNULL = YES;
				CLANG_ANALYZER_NUMBER_OBJECT_CONVERSION = YES_AGGRESSIVE;
				CLANG_CXX_LANGUAGE_STANDARD = "gnu++20";
				CLANG_ENABLE_MODULES = YES;
				CLANG_ENABLE_OBJC_ARC = YES;
				CLANG_ENABLE_OBJC_WEAK = YES;
				CLANG_WARN_BLOCK_CAPTURE_AUTORELEASING = YES;
				CLANG_WARN_BOOL_CONVERSION = YES;
				CLANG_WARN_COMMA = YES;
				CLANG_WARN_CONSTANT_CONVERSION = YES;
				CLANG_WARN_DEPRECATED_OBJC_IMPLEMENTATIONS = YES;
				CLANG_WARN_DIRECT_OBJC_ISA_USAGE = YES_ERROR;
				CLANG_WARN_DOCUMENTATION_COMMENTS = YES;
				CLANG_WARN_EMPTY_BODY = YES;
				CLANG_WARN_ENUM_CONVERSION = YES;
				CLANG_WARN_INFINITE_RECURSION = YES;
				CLANG_WARN_INT_CONVERSION = YES;
				CLANG_WARN_NON_LITERAL_NULL_CONVERSION = YES;
				CLANG_WARN_OBJC_IMPLICIT_RETAIN_SELF = YES;
				CLANG_WARN_OBJC_LITERAL_CONVERSION = YES;
				CLANG_WARN_OBJC_ROOT_CLASS = YES_ERROR;
				CLANG_WARN_QUOTED_INCLUDE_IN_FRAMEWORK_HEADER = YES;
				CLANG_WARN_RANGE_LOOP_ANALYSIS = YES;
				CLANG_WARN_STRICT_PROTOTYPES = YES;
				CLANG_WARN_SUSPICIOUS_MOVE = YES;
				CLANG_WARN_UNGUARDED_AVAILABILITY = YES_AGGRESSIVE;
				CLANG_WARN_UNREACHABLE_CODE = YES;
				CLANG_WARN__DUPLICATE_METHOD_MATCH = YES;
				COPY_PHASE_STRIP = NO;
				DEBUG_INFORMATION_FORMAT = "dwarf-with-dsym";
				ENABLE_NS_ASSERTIONS = NO;
				ENABLE_STRICT_OBJC_MSGSEND = YES;
				GCC_C_LANGUAGE_STANDARD = gnu11;
				GCC_NO_COMMON_BLOCKS = YES;
				GCC_WARN_64_TO_32_BIT_CONVERSION = YES;
				GCC_WARN_ABOUT_RETURN_TYPE = YES_ERROR;
				GCC_WARN_UNDECLARED_SELECTOR = YES;
				GCC_WARN_UNINITIALIZED_AUTOS = YES_AGGRESSIVE;
				GCC_WARN_UNUSED_FUNCTION = YES;
				GCC_WARN_UNUSED_VARIABLE = YES;
				IPHONEOS_DEPLOYMENT_TARGET = 16.4;
				MTL_ENABLE_DEBUG_INFO = NO;
				MTL_FAST_MATH = YES;
				SDKROOT = iphoneos;
				SWIFT_COMPILATION_MODE = wholemodule;
				SWIFT_OPTIMIZATION_LEVEL = "-O";
				VALIDATE_PRODUCT = YES;
			};
			name = Release;
		};
		123966E029E3312E005EDA4E /* Debug */ = {
			isa = XCBuildConfiguration;
			buildSettings = {
				ASSETCATALOG_COMPILER_APPICON_NAME = AppIcon;
				ASSETCATALOG_COMPILER_GLOBAL_ACCENT_COLOR_NAME = AccentColor;
				CODE_SIGN_STYLE = Automatic;
				CURRENT_PROJECT_VERSION = 1;
				DEVELOPMENT_ASSET_PATHS = "\"SinghWeShop/Preview Content\"";
				DEVELOPMENT_TEAM = 6BCHZXLU4V;
				ENABLE_PREVIEWS = YES;
				GENERATE_INFOPLIST_FILE = YES;
				INFOPLIST_FILE = SinghWeShop/Info.plist;
				INFOPLIST_KEY_CFBundleDisplayName = WeShop;
				INFOPLIST_KEY_UIApplicationSceneManifest_Generation = YES;
				INFOPLIST_KEY_UIApplicationSupportsIndirectInputEvents = YES;
				INFOPLIST_KEY_UISupportedInterfaceOrientations_iPad = "UIInterfaceOrientationPortrait UIInterfaceOrientationPortraitUpsideDown UIInterfaceOrientationLandscapeLeft UIInterfaceOrientationLandscapeRight";
				INFOPLIST_KEY_UISupportedInterfaceOrientations_iPhone = "UIInterfaceOrientationPortrait UIInterfaceOrientationLandscapeLeft UIInterfaceOrientationLandscapeRight";
				LD_RUNPATH_SEARCH_PATHS = (
					"$(inherited)",
					"@executable_path/Frameworks",
				);
				MARKETING_VERSION = 1.0;
				PRODUCT_BUNDLE_IDENTIFIER = com.yeshusingh.SinghWeShop;
				PRODUCT_NAME = "$(TARGET_NAME)";
				SWIFT_EMIT_LOC_STRINGS = YES;
				SWIFT_VERSION = 5.0;
				TARGETED_DEVICE_FAMILY = "1,2";
			};
			name = Debug;
		};
		123966E129E3312E005EDA4E /* Release */ = {
			isa = XCBuildConfiguration;
			buildSettings = {
				ASSETCATALOG_COMPILER_APPICON_NAME = AppIcon;
				ASSETCATALOG_COMPILER_GLOBAL_ACCENT_COLOR_NAME = AccentColor;
				CODE_SIGN_STYLE = Automatic;
				CURRENT_PROJECT_VERSION = 1;
				DEVELOPMENT_ASSET_PATHS = "\"SinghWeShop/Preview Content\"";
				DEVELOPMENT_TEAM = 6BCHZXLU4V;
				ENABLE_PREVIEWS = YES;
				GENERATE_INFOPLIST_FILE = YES;
				INFOPLIST_FILE = SinghWeShop/Info.plist;
				INFOPLIST_KEY_CFBundleDisplayName = WeShop;
				INFOPLIST_KEY_UIApplicationSceneManifest_Generation = YES;
				INFOPLIST_KEY_UIApplicationSupportsIndirectInputEvents = YES;
				INFOPLIST_KEY_UISupportedInterfaceOrientations_iPad = "UIInterfaceOrientationPortrait UIInterfaceOrientationPortraitUpsideDown UIInterfaceOrientationLandscapeLeft UIInterfaceOrientationLandscapeRight";
				INFOPLIST_KEY_UISupportedInterfaceOrientations_iPhone = "UIInterfaceOrientationPortrait UIInterfaceOrientationLandscapeLeft UIInterfaceOrientationLandscapeRight";
				LD_RUNPATH_SEARCH_PATHS = (
					"$(inherited)",
					"@executable_path/Frameworks",
				);
				MARKETING_VERSION = 1.0;
				PRODUCT_BUNDLE_IDENTIFIER = com.yeshusingh.SinghWeShop;
				PRODUCT_NAME = "$(TARGET_NAME)";
				SWIFT_EMIT_LOC_STRINGS = YES;
				SWIFT_VERSION = 5.0;
				TARGETED_DEVICE_FAMILY = "1,2";
			};
			name = Release;
		};
/* End XCBuildConfiguration section */

/* Begin XCConfigurationList section */
		123966CC29E3312E005EDA4E /* Build configuration list for PBXProject "SinghWeShop" */ = {
			isa = XCConfigurationList;
			buildConfigurations = (
				123966DD29E3312E005EDA4E /* Debug */,
				123966DE29E3312E005EDA4E /* Release */,
			);
			defaultConfigurationIsVisible = 0;
			defaultConfigurationName = Release;
		};
		123966DF29E3312E005EDA4E /* Build configuration list for PBXNativeTarget "SinghWeShop" */ = {
			isa = XCConfigurationList;
			buildConfigurations = (
				123966E029E3312E005EDA4E /* Debug */,
				123966E129E3312E005EDA4E /* Release */,
			);
			defaultConfigurationIsVisible = 0;
			defaultConfigurationName = Release;
		};
/* End XCConfigurationList section */
	};
	rootObject = 123966C929E3312E005EDA4E /* Project object */;
}
